// !$*UTF8*$!
{
	archiveVersion = 1;
	classes = {
	};
	objectVersion = 46;
	objects = {

/* Begin PBXBuildFile section */
		1C6B09091E9B7A9300AEA68A /* main.m in Sources */ = {isa = PBXBuildFile; fileRef = 1C6B09081E9B7A9300AEA68A /* main.m */; };
		1C6B090C1E9B7A9300AEA68A /* AppDelegate.m in Sources */ = {isa = PBXBuildFile; fileRef = 1C6B090B1E9B7A9300AEA68A /* AppDelegate.m */; };
		1C6B090F1E9B7A9300AEA68A /* ViewController.m in Sources */ = {isa = PBXBuildFile; fileRef = 1C6B090E1E9B7A9300AEA68A /* ViewController.m */; };
		1C6B09121E9B7A9300AEA68A /* Main.storyboard in Resources */ = {isa = PBXBuildFile; fileRef = 1C6B09101E9B7A9300AEA68A /* Main.storyboard */; };
		1C6B09141E9B7A9300AEA68A /* Assets.xcassets in Resources */ = {isa = PBXBuildFile; fileRef = 1C6B09131E9B7A9300AEA68A /* Assets.xcassets */; };
		1C6B09171E9B7A9300AEA68A /* LaunchScreen.storyboard in Resources */ = {isa = PBXBuildFile; fileRef = 1C6B09151E9B7A9300AEA68A /* LaunchScreen.storyboard */; };
		1C6B09221E9B7A9300AEA68A /* XFScrollBtnViewDemoTests.m in Sources */ = {isa = PBXBuildFile; fileRef = 1C6B09211E9B7A9300AEA68A /* XFScrollBtnViewDemoTests.m */; };
		1C6B092D1E9B7A9300AEA68A /* XFScrollBtnViewDemoUITests.m in Sources */ = {isa = PBXBuildFile; fileRef = 1C6B092C1E9B7A9300AEA68A /* XFScrollBtnViewDemoUITests.m */; };
		1C6B093D1E9B7AB700AEA68A /* XFScrollBtnView.m in Sources */ = {isa = PBXBuildFile; fileRef = 1C6B093C1E9B7AB700AEA68A /* XFScrollBtnView.m */; };
/* End PBXBuildFile section */

/* Begin PBXContainerItemProxy section */
		1C6B091E1E9B7A9300AEA68A /* PBXContainerItemProxy */ = {
			isa = PBXContainerItemProxy;
			containerPortal = 1C6B08FC1E9B7A9300AEA68A /* Project object */;
			proxyType = 1;
			remoteGlobalIDString = 1C6B09031E9B7A9300AEA68A;
			remoteInfo = XFScrollBtnViewDemo;
		};
		1C6B09291E9B7A9300AEA68A /* PBXContainerItemProxy */ = {
			isa = PBXContainerItemProxy;
			containerPortal = 1C6B08FC1E9B7A9300AEA68A /* Project object */;
			proxyType = 1;
			remoteGlobalIDString = 1C6B09031E9B7A9300AEA68A;
			remoteInfo = XFScrollBtnViewDemo;
		};
/* End PBXContainerItemProxy section */

/* Begin PBXFileReference section */
		1C6B09041E9B7A9300AEA68A /* XFScrollBtnViewDemo.app */ = {isa = PBXFileReference; explicitFileType = wrapper.application; includeInIndex = 0; path = XFScrollBtnViewDemo.app; sourceTree = BUILT_PRODUCTS_DIR; };
		1C6B09081E9B7A9300AEA68A /* main.m */ = {isa = PBXFileReference; lastKnownFileType = sourcecode.c.objc; path = main.m; sourceTree = "<group>"; };
		1C6B090A1E9B7A9300AEA68A /* AppDelegate.h */ = {isa = PBXFileReference; lastKnownFileType = sourcecode.c.h; path = AppDelegate.h; sourceTree = "<group>"; };
		1C6B090B1E9B7A9300AEA68A /* AppDelegate.m */ = {isa = PBXFileReference; lastKnownFileType = sourcecode.c.objc; path = AppDelegate.m; sourceTree = "<group>"; };
		1C6B090D1E9B7A9300AEA68A /* ViewController.h */ = {isa = PBXFileReference; lastKnownFileType = sourcecode.c.h; path = ViewController.h; sourceTree = "<group>"; };
		1C6B090E1E9B7A9300AEA68A /* ViewController.m */ = {isa = PBXFileReference; lastKnownFileType = sourcecode.c.objc; path = ViewController.m; sourceTree = "<group>"; };
		1C6B09111E9B7A9300AEA68A /* Base */ = {isa = PBXFileReference; lastKnownFileType = file.storyboard; name = Base; path = Base.lproj/Main.storyboard; sourceTree = "<group>"; };
		1C6B09131E9B7A9300AEA68A /* Assets.xcassets */ = {isa = PBXFileReference; lastKnownFileType = folder.assetcatalog; path = Assets.xcassets; sourceTree = "<group>"; };
		1C6B09161E9B7A9300AEA68A /* Base */ = {isa = PBXFileReference; lastKnownFileType = file.storyboard; name = Base; path = Base.lproj/LaunchScreen.storyboard; sourceTree = "<group>"; };
		1C6B09181E9B7A9300AEA68A /* Info.plist */ = {isa = PBXFileReference; lastKnownFileType = text.plist.xml; path = Info.plist; sourceTree = "<group>"; };
		1C6B091D1E9B7A9300AEA68A /* XFScrollBtnViewDemoTests.xctest */ = {isa = PBXFileReference; explicitFileType = wrapper.cfbundle; includeInIndex = 0; path = XFScrollBtnViewDemoTests.xctest; sourceTree = BUILT_PRODUCTS_DIR; };
		1C6B09211E9B7A9300AEA68A /* XFScrollBtnViewDemoTests.m */ = {isa = PBXFileReference; lastKnownFileType = sourcecode.c.objc; path = XFScrollBtnViewDemoTests.m; sourceTree = "<group>"; };
		1C6B09231E9B7A9300AEA68A /* Info.plist */ = {isa = PBXFileReference; lastKnownFileType = text.plist.xml; path = Info.plist; sourceTree = "<group>"; };
		1C6B09281E9B7A9300AEA68A /* XFScrollBtnViewDemoUITests.xctest */ = {isa = PBXFileReference; explicitFileType = wrapper.cfbundle; includeInIndex = 0; path = XFScrollBtnViewDemoUITests.xctest; sourceTree = BUILT_PRODUCTS_DIR; };
		1C6B092C1E9B7A9300AEA68A /* XFScrollBtnViewDemoUITests.m */ = {isa = PBXFileReference; lastKnownFileType = sourcecode.c.objc; path = XFScrollBtnViewDemoUITests.m; sourceTree = "<group>"; };
		1C6B092E1E9B7A9300AEA68A /* Info.plist */ = {isa = PBXFileReference; lastKnownFileType = text.plist.xml; path = Info.plist; sourceTree = "<group>"; };
		1C6B093B1E9B7AB700AEA68A /* XFScrollBtnView.h */ = {isa = PBXFileReference; fileEncoding = 4; lastKnownFileType = sourcecode.c.h; path = XFScrollBtnView.h; sourceTree = "<group>"; };
		1C6B093C1E9B7AB700AEA68A /* XFScrollBtnView.m */ = {isa = PBXFileReference; fileEncoding = 4; lastKnownFileType = sourcecode.c.objc; path = XFScrollBtnView.m; sourceTree = "<group>"; };
/* End PBXFileReference section */

/* Begin PBXFrameworksBuildPhase section */
		1C6B09011E9B7A9300AEA68A /* Frameworks */ = {
			isa = PBXFrameworksBuildPhase;
			buildActionMask = 2147483647;
			files = (
			);
			runOnlyForDeploymentPostprocessing = 0;
		};
		1C6B091A1E9B7A9300AEA68A /* Frameworks */ = {
			isa = PBXFrameworksBuildPhase;
			buildActionMask = 2147483647;
			files = (
			);
			runOnlyForDeploymentPostprocessing = 0;
		};
		1C6B09251E9B7A9300AEA68A /* Frameworks */ = {
			isa = PBXFrameworksBuildPhase;
			buildActionMask = 2147483647;
			files = (
			);
			runOnlyForDeploymentPostprocessing = 0;
		};
/* End PBXFrameworksBuildPhase section */

/* Begin PBXGroup section */
		1C6B08FB1E9B7A9300AEA68A = {
			isa = PBXGroup;
			children = (
				1C6B09061E9B7A9300AEA68A /* XFScrollBtnViewDemo */,
				1C6B09201E9B7A9300AEA68A /* XFScrollBtnViewDemoTests */,
				1C6B092B1E9B7A9300AEA68A /* XFScrollBtnViewDemoUITests */,
				1C6B09051E9B7A9300AEA68A /* Products */,
			);
			sourceTree = "<group>";
		};
		1C6B09051E9B7A9300AEA68A /* Products */ = {
			isa = PBXGroup;
			children = (
				1C6B09041E9B7A9300AEA68A /* XFScrollBtnViewDemo.app */,
				1C6B091D1E9B7A9300AEA68A /* XFScrollBtnViewDemoTests.xctest */,
				1C6B09281E9B7A9300AEA68A /* XFScrollBtnViewDemoUITests.xctest */,
			);
			name = Products;
			sourceTree = "<group>";
		};
		1C6B09061E9B7A9300AEA68A /* XFScrollBtnViewDemo */ = {
			isa = PBXGroup;
			children = (
				1C6B093A1E9B7AB700AEA68A /* XFScrollBtnView */,
				1C6B090A1E9B7A9300AEA68A /* AppDelegate.h */,
				1C6B090B1E9B7A9300AEA68A /* AppDelegate.m */,
				1C6B090D1E9B7A9300AEA68A /* ViewController.h */,
				1C6B090E1E9B7A9300AEA68A /* ViewController.m */,
				1C6B09101E9B7A9300AEA68A /* Main.storyboard */,
				1C6B09131E9B7A9300AEA68A /* Assets.xcassets */,
				1C6B09151E9B7A9300AEA68A /* LaunchScreen.storyboard */,
				1C6B09181E9B7A9300AEA68A /* Info.plist */,
				1C6B09071E9B7A9300AEA68A /* Supporting Files */,
			);
			path = XFScrollBtnViewDemo;
			sourceTree = "<group>";
		};
		1C6B09071E9B7A9300AEA68A /* Supporting Files */ = {
			isa = PBXGroup;
			children = (
				1C6B09081E9B7A9300AEA68A /* main.m */,
			);
			name = "Supporting Files";
			sourceTree = "<group>";
		};
		1C6B09201E9B7A9300AEA68A /* XFScrollBtnViewDemoTests */ = {
			isa = PBXGroup;
			children = (
				1C6B09211E9B7A9300AEA68A /* XFScrollBtnViewDemoTests.m */,
				1C6B09231E9B7A9300AEA68A /* Info.plist */,
			);
			path = XFScrollBtnViewDemoTests;
			sourceTree = "<group>";
		};
		1C6B092B1E9B7A9300AEA68A /* XFScrollBtnViewDemoUITests */ = {
			isa = PBXGroup;
			children = (
				1C6B092C1E9B7A9300AEA68A /* XFScrollBtnViewDemoUITests.m */,
				1C6B092E1E9B7A9300AEA68A /* Info.plist */,
			);
			path = XFScrollBtnViewDemoUITests;
			sourceTree = "<group>";
		};
		1C6B093A1E9B7AB700AEA68A /* XFScrollBtnView */ = {
			isa = PBXGroup;
			children = (
				1C6B093B1E9B7AB700AEA68A /* XFScrollBtnView.h */,
				1C6B093C1E9B7AB700AEA68A /* XFScrollBtnView.m */,
			);
			path = XFScrollBtnView;
			sourceTree = "<group>";
		};
/* End PBXGroup section */

/* Begin PBXNativeTarget section */
		1C6B09031E9B7A9300AEA68A /* XFScrollBtnViewDemo */ = {
			isa = PBXNativeTarget;
			buildConfigurationList = 1C6B09311E9B7A9300AEA68A /* Build configuration list for PBXNativeTarget "XFScrollBtnViewDemo" */;
			buildPhases = (
				1C6B09001E9B7A9300AEA68A /* Sources */,
				1C6B09011E9B7A9300AEA68A /* Frameworks */,
				1C6B09021E9B7A9300AEA68A /* Resources */,
			);
			buildRules = (
			);
			dependencies = (
			);
			name = XFScrollBtnViewDemo;
			productName = XFScrollBtnViewDemo;
			productReference = 1C6B09041E9B7A9300AEA68A /* XFScrollBtnViewDemo.app */;
			productType = "com.apple.product-type.application";
		};
		1C6B091C1E9B7A9300AEA68A /* XFScrollBtnViewDemoTests */ = {
			isa = PBXNativeTarget;
			buildConfigurationList = 1C6B09341E9B7A9300AEA68A /* Build configuration list for PBXNativeTarget "XFScrollBtnViewDemoTests" */;
			buildPhases = (
				1C6B09191E9B7A9300AEA68A /* Sources */,
				1C6B091A1E9B7A9300AEA68A /* Frameworks */,
				1C6B091B1E9B7A9300AEA68A /* Resources */,
			);
			buildRules = (
			);
			dependencies = (
				1C6B091F1E9B7A9300AEA68A /* PBXTargetDependency */,
			);
			name = XFScrollBtnViewDemoTests;
			productName = XFScrollBtnViewDemoTests;
			productReference = 1C6B091D1E9B7A9300AEA68A /* XFScrollBtnViewDemoTests.xctest */;
			productType = "com.apple.product-type.bundle.unit-test";
		};
		1C6B09271E9B7A9300AEA68A /* XFScrollBtnViewDemoUITests */ = {
			isa = PBXNativeTarget;
			buildConfigurationList = 1C6B09371E9B7A9300AEA68A /* Build configuration list for PBXNativeTarget "XFScrollBtnViewDemoUITests" */;
			buildPhases = (
				1C6B09241E9B7A9300AEA68A /* Sources */,
				1C6B09251E9B7A9300AEA68A /* Frameworks */,
				1C6B09261E9B7A9300AEA68A /* Resources */,
			);
			buildRules = (
			);
			dependencies = (
				1C6B092A1E9B7A9300AEA68A /* PBXTargetDependency */,
			);
			name = XFScrollBtnViewDemoUITests;
			productName = XFScrollBtnViewDemoUITests;
			productReference = 1C6B09281E9B7A9300AEA68A /* XFScrollBtnViewDemoUITests.xctest */;
			productType = "com.apple.product-type.bundle.ui-testing";
		};
/* End PBXNativeTarget section */

/* Begin PBXProject section */
		1C6B08FC1E9B7A9300AEA68A /* Project object */ = {
			isa = PBXProject;
			attributes = {
				LastUpgradeCheck = 0810;
				ORGANIZATIONNAME = com.hfuu;
				TargetAttributes = {
					1C6B09031E9B7A9300AEA68A = {
						CreatedOnToolsVersion = 8.1;
						DevelopmentTeam = JFN4XSZEL4;
						ProvisioningStyle = Automatic;
					};
					1C6B091C1E9B7A9300AEA68A = {
						CreatedOnToolsVersion = 8.1;
						DevelopmentTeam = JFN4XSZEL4;
						ProvisioningStyle = Automatic;
						TestTargetID = 1C6B09031E9B7A9300AEA68A;
					};
					1C6B09271E9B7A9300AEA68A = {
						CreatedOnToolsVersion = 8.1;
						DevelopmentTeam = JFN4XSZEL4;
						ProvisioningStyle = Automatic;
						TestTargetID = 1C6B09031E9B7A9300AEA68A;
					};
				};
			};
			buildConfigurationList = 1C6B08FF1E9B7A9300AEA68A /* Build configuration list for PBXProject "XFScrollBtnViewDemo" */;
			compatibilityVersion = "Xcode 3.2";
			developmentRegion = English;
			hasScannedForEncodings = 0;
			knownRegions = (
				en,
				Base,
			);
			mainGroup = 1C6B08FB1E9B7A9300AEA68A;
			productRefGroup = 1C6B09051E9B7A9300AEA68A /* Products */;
			projectDirPath = "";
			projectRoot = "";
			targets = (
				1C6B09031E9B7A9300AEA68A /* XFScrollBtnViewDemo */,
				1C6B091C1E9B7A9300AEA68A /* XFScrollBtnViewDemoTests */,
				1C6B09271E9B7A9300AEA68A /* XFScrollBtnViewDemoUITests */,
			);
		};
/* End PBXProject section */

/* Begin PBXResourcesBuildPhase section */
		1C6B09021E9B7A9300AEA68A /* Resources */ = {
			isa = PBXResourcesBuildPhase;
			buildActionMask = 2147483647;
			files = (
				1C6B09171E9B7A9300AEA68A /* LaunchScreen.storyboard in Resources */,
				1C6B09141E9B7A9300AEA68A /* Assets.xcassets in Resources */,
				1C6B09121E9B7A9300AEA68A /* Main.storyboard in Resources */,
			);
			runOnlyForDeploymentPostprocessing = 0;
		};
		1C6B091B1E9B7A9300AEA68A /* Resources */ = {
			isa = PBXResourcesBuildPhase;
			buildActionMask = 2147483647;
			files = (
			);
			runOnlyForDeploymentPostprocessing = 0;
		};
		1C6B09261E9B7A9300AEA68A /* Resources */ = {
			isa = PBXResourcesBuildPhase;
			buildActionMask = 2147483647;
			files = (
			);
			runOnlyForDeploymentPostprocessing = 0;
		};
/* End PBXResourcesBuildPhase section */

/* Begin PBXSourcesBuildPhase section */
		1C6B09001E9B7A9300AEA68A /* Sources */ = {
			isa = PBXSourcesBuildPhase;
			buildActionMask = 2147483647;
			files = (
				1C6B093D1E9B7AB700AEA68A /* XFScrollBtnView.m in Sources */,
				1C6B090F1E9B7A9300AEA68A /* ViewController.m in Sources */,
				1C6B090C1E9B7A9300AEA68A /* AppDelegate.m in Sources */,
				1C6B09091E9B7A9300AEA68A /* main.m in Sources */,
			);
			runOnlyForDeploymentPostprocessing = 0;
		};
		1C6B09191E9B7A9300AEA68A /* Sources */ = {
			isa = PBXSourcesBuildPhase;
			buildActionMask = 2147483647;
			files = (
				1C6B09221E9B7A9300AEA68A /* XFScrollBtnViewDemoTests.m in Sources */,
			);
			runOnlyForDeploymentPostprocessing = 0;
		};
		1C6B09241E9B7A9300AEA68A /* Sources */ = {
			isa = PBXSourcesBuildPhase;
			buildActionMask = 2147483647;
			files = (
				1C6B092D1E9B7A9300AEA68A /* XFScrollBtnViewDemoUITests.m in Sources */,
			);
			runOnlyForDeploymentPostprocessing = 0;
		};
/* End PBXSourcesBuildPhase section */

/* Begin PBXTargetDependency section */
		1C6B091F1E9B7A9300AEA68A /* PBXTargetDependency */ = {
			isa = PBXTargetDependency;
			target = 1C6B09031E9B7A9300AEA68A /* XFScrollBtnViewDemo */;
			targetProxy = 1C6B091E1E9B7A9300AEA68A /* PBXContainerItemProxy */;
		};
		1C6B092A1E9B7A9300AEA68A /* PBXTargetDependency */ = {
			isa = PBXTargetDependency;
			target = 1C6B09031E9B7A9300AEA68A /* XFScrollBtnViewDemo */;
			targetProxy = 1C6B09291E9B7A9300AEA68A /* PBXContainerItemProxy */;
		};
/* End PBXTargetDependency section */

/* Begin PBXVariantGroup section */
		1C6B09101E9B7A9300AEA68A /* Main.storyboard */ = {
			isa = PBXVariantGroup;
			children = (
				1C6B09111E9B7A9300AEA68A /* Base */,
			);
			name = Main.storyboard;
			sourceTree = "<group>";
		};
		1C6B09151E9B7A9300AEA68A /* LaunchScreen.storyboard */ = {
			isa = PBXVariantGroup;
			children = (
				1C6B09161E9B7A9300AEA68A /* Base */,
			);
			name = LaunchScreen.storyboard;
			sourceTree = "<group>";
		};
/* End PBXVariantGroup section */

/* Begin XCBuildConfiguration section */
		1C6B092F1E9B7A9300AEA68A /* Debug */ = {
			isa = XCBuildConfiguration;
			buildSettings = {
				ALWAYS_SEARCH_USER_PATHS = NO;
				CLANG_ANALYZER_NONNULL = YES;
				CLANG_CXX_LANGUAGE_STANDARD = "gnu++0x";
				CLANG_CXX_LIBRARY = "libc++";
				CLANG_ENABLE_MODULES = YES;
				CLANG_ENABLE_OBJC_ARC = YES;
				CLANG_WARN_BOOL_CONVERSION = YES;
				CLANG_WARN_CONSTANT_CONVERSION = YES;
				CLANG_WARN_DIRECT_OBJC_ISA_USAGE = YES_ERROR;
				CLANG_WARN_DOCUMENTATION_COMMENTS = YES;
				CLANG_WARN_EMPTY_BODY = YES;
				CLANG_WARN_ENUM_CONVERSION = YES;
				CLANG_WARN_INFINITE_RECURSION = YES;
				CLANG_WARN_INT_CONVERSION = YES;
				CLANG_WARN_OBJC_ROOT_CLASS = YES_ERROR;
				CLANG_WARN_SUSPICIOUS_MOVES = YES;
				CLANG_WARN_UNREACHABLE_CODE = YES;
				CLANG_WARN__DUPLICATE_METHOD_MATCH = YES;
				"CODE_SIGN_IDENTITY[sdk=iphoneos*]" = "iPhone Developer";
				COPY_PHASE_STRIP = NO;
				DEBUG_INFORMATION_FORMAT = dwarf;
				ENABLE_STRICT_OBJC_MSGSEND = YES;
				ENABLE_TESTABILITY = YES;
				GCC_C_LANGUAGE_STANDARD = gnu99;
				GCC_DYNAMIC_NO_PIC = NO;
				GCC_NO_COMMON_BLOCKS = YES;
				GCC_OPTIMIZATION_LEVEL = 0;
				GCC_PREPROCESSOR_DEFINITIONS = (
					"DEBUG=1",
					"$(inherited)",
				);
				GCC_WARN_64_TO_32_BIT_CONVERSION = YES;
				GCC_WARN_ABOUT_RETURN_TYPE = YES_ERROR;
				GCC_WARN_UNDECLARED_SELECTOR = YES;
				GCC_WARN_UNINITIALIZED_AUTOS = YES_AGGRESSIVE;
				GCC_WARN_UNUSED_FUNCTION = YES;
				GCC_WARN_UNUSED_VARIABLE = YES;
				IPHONEOS_DEPLOYMENT_TARGET = 10.1;
				MTL_ENABLE_DEBUG_INFO = YES;
				ONLY_ACTIVE_ARCH = YES;
				SDKROOT = iphoneos;
			};
			name = Debug;
		};
		1C6B09301E9B7A9300AEA68A /* Release */ = {
			isa = XCBuildConfiguration;
			buildSettings = {
				ALWAYS_SEARCH_USER_PATHS = NO;
				CLANG_ANALYZER_NONNULL = YES;
				CLANG_CXX_LANGUAGE_STANDARD = "gnu++0x";
				CLANG_CXX_LIBRARY = "libc++";
				CLANG_ENABLE_MODULES = YES;
				CLANG_ENABLE_OBJC_ARC = YES;
				CLANG_WARN_BOOL_CONVERSION = YES;
				CLANG_WARN_CONSTANT_CONVERSION = YES;
				CLANG_WARN_DIRECT_OBJC_ISA_USAGE = YES_ERROR;
				CLANG_WARN_DOCUMENTATION_COMMENTS = YES;
				CLANG_WARN_EMPTY_BODY = YES;
				CLANG_WARN_ENUM_CONVERSION = YES;
				CLANG_WARN_INFINITE_RECURSION = YES;
				CLANG_WARN_INT_CONVERSION = YES;
				CLANG_WARN_OBJC_ROOT_CLASS = YES_ERROR;
				CLANG_WARN_SUSPICIOUS_MOVES = YES;
				CLANG_WARN_UNREACHABLE_CODE = YES;
				CLANG_WARN__DUPLICATE_METHOD_MATCH = YES;
				"CODE_SIGN_IDENTITY[sdk=iphoneos*]" = "iPhone Developer";
				COPY_PHASE_STRIP = NO;
				DEBUG_INFORMATION_FORMAT = "dwarf-with-dsym";
				ENABLE_NS_ASSERTIONS = NO;
				ENABLE_STRICT_OBJC_MSGSEND = YES;
				GCC_C_LANGUAGE_STANDARD = gnu99;
				GCC_NO_COMMON_BLOCKS = YES;
				GCC_WARN_64_TO_32_BIT_CONVERSION = YES;
				GCC_WARN_ABOUT_RETURN_TYPE = YES_ERROR;
				GCC_WARN_UNDECLARED_SELECTOR = YES;
				GCC_WARN_UNINITIALIZED_AUTOS = YES_AGGRESSIVE;
				GCC_WARN_UNUSED_FUNCTION = YES;
				GCC_WARN_UNUSED_VARIABLE = YES;
				IPHONEOS_DEPLOYMENT_TARGET = 10.1;
				MTL_ENABLE_DEBUG_INFO = NO;
				SDKROOT = iphoneos;
				VALIDATE_PRODUCT = YES;
			};
			name = Release;
		};
		1C6B09321E9B7A9300AEA68A /* Debug */ = {
			isa = XCBuildConfiguration;
			buildSettings = {
				ASSETCATALOG_COMPILER_APPICON_NAME = AppIcon;
				DEVELOPMENT_TEAM = JFN4XSZEL4;
				INFOPLIST_FILE = XFScrollBtnViewDemo/Info.plist;
				LD_RUNPATH_SEARCH_PATHS = "$(inherited) @executable_path/Frameworks";
				PRODUCT_BUNDLE_IDENTIFIER = com.hangzhoumiyinLxf.XFScrollBtnViewDemo;
				PRODUCT_NAME = "$(TARGET_NAME)";
			};
			name = Debug;
		};
		1C6B09331E9B7A9300AEA68A /* Release */ = {
			isa = XCBuildConfiguration;
			buildSettings = {
				ASSETCATALOG_COMPILER_APPICON_NAME = AppIcon;
				DEVELOPMENT_TEAM = JFN4XSZEL4;
				INFOPLIST_FILE = XFScrollBtnViewDemo/Info.plist;
				LD_RUNPATH_SEARCH_PATHS = "$(inherited) @executable_path/Frameworks";
				PRODUCT_BUNDLE_IDENTIFIER = com.hangzhoumiyinLxf.XFScrollBtnViewDemo;
				PRODUCT_NAME = "$(TARGET_NAME)";
			};
			name = Release;
		};
		1C6B09351E9B7A9300AEA68A /* Debug */ = {
			isa = XCBuildConfiguration;
			buildSettings = {
				BUNDLE_LOADER = "$(TEST_HOST)";
				DEVELOPMENT_TEAM = JFN4XSZEL4;
				INFOPLIST_FILE = XFScrollBtnViewDemoTests/Info.plist;
				LD_RUNPATH_SEARCH_PATHS = "$(inherited) @executable_path/Frameworks @loader_path/Frameworks";
				PRODUCT_BUNDLE_IDENTIFIER = com.hangzhoumiyinLxf.XFScrollBtnViewDemoTests;
				PRODUCT_NAME = "$(TARGET_NAME)";
				TEST_HOST = "$(BUILT_PRODUCTS_DIR)/XFScrollBtnViewDemo.app/XFScrollBtnViewDemo";
			};
			name = Debug;
		};
		1C6B09361E9B7A9300AEA68A /* Release */ = {
			isa = XCBuildConfiguration;
			buildSettings = {
				BUNDLE_LOADER = "$(TEST_HOST)";
				DEVELOPMENT_TEAM = JFN4XSZEL4;
				INFOPLIST_FILE = XFScrollBtnViewDemoTests/Info.plist;
				LD_RUNPATH_SEARCH_PATHS = "$(inherited) @executable_path/Frameworks @loader_path/Frameworks";
				PRODUCT_BUNDLE_IDENTIFIER = com.hangzhoumiyinLxf.XFScrollBtnViewDemoTests;
				PRODUCT_NAME = "$(TARGET_NAME)";
				TEST_HOST = "$(BUILT_PRODUCTS_DIR)/XFScrollBtnViewDemo.app/XFScrollBtnViewDemo";
			};
			name = Release;
		};
		1C6B09381E9B7A9300AEA68A /* Debug */ = {
			isa = XCBuildConfiguration;
			buildSettings = {
				DEVELOPMENT_TEAM = JFN4XSZEL4;
				INFOPLIST_FILE = XFScrollBtnViewDemoUITests/Info.plist;
				LD_RUNPATH_SEARCH_PATHS = "$(inherited) @executable_path/Frameworks @loader_path/Frameworks";
				PRODUCT_BUNDLE_IDENTIFIER = com.hangzhoumiyinLxf.XFScrollBtnViewDemoUITests;
				PRODUCT_NAME = "$(TARGET_NAME)";
				TEST_TARGET_NAME = XFScrollBtnViewDemo;
			};
			name = Debug;
		};
		1C6B09391E9B7A9300AEA68A /* Release */ = {
			isa = XCBuildConfiguration;
			buildSettings = {
				DEVELOPMENT_TEAM = JFN4XSZEL4;
				INFOPLIST_FILE = XFScrollBtnViewDemoUITests/Info.plist;
				LD_RUNPATH_SEARCH_PATHS = "$(inherited) @executable_path/Frameworks @loader_path/Frameworks";
				PRODUCT_BUNDLE_IDENTIFIER = com.hangzhoumiyinLxf.XFScrollBtnViewDemoUITests;
				PRODUCT_NAME = "$(TARGET_NAME)";
				TEST_TARGET_NAME = XFScrollBtnViewDemo;
			};
			name = Release;
		};
/* End XCBuildConfiguration section */

/* Begin XCConfigurationList section */
		1C6B08FF1E9B7A9300AEA68A /* Build configuration list for PBXProject "XFScrollBtnViewDemo" */ = {
			isa = XCConfigurationList;
			buildConfigurations = (
				1C6B092F1E9B7A9300AEA68A /* Debug */,
				1C6B09301E9B7A9300AEA68A /* Release */,
			);
			defaultConfigurationIsVisible = 0;
			defaultConfigurationName = Release;
		};
		1C6B09311E9B7A9300AEA68A /* Build configuration list for PBXNativeTarget "XFScrollBtnViewDemo" */ = {
			isa = XCConfigurationList;
			buildConfigurations = (
				1C6B09321E9B7A9300AEA68A /* Debug */,
				1C6B09331E9B7A9300AEA68A /* Release */,
			);
			defaultConfigurationIsVisible = 0;
		};
		1C6B09341E9B7A9300AEA68A /* Build configuration list for PBXNativeTarget "XFScrollBtnViewDemoTests" */ = {
			isa = XCConfigurationList;
			buildConfigurations = (
				1C6B09351E9B7A9300AEA68A /* Debug */,
				1C6B09361E9B7A9300AEA68A /* Release */,
			);
			defaultConfigurationIsVisible = 0;
		};
		1C6B09371E9B7A9300AEA68A /* Build configuration list for PBXNativeTarget "XFScrollBtnViewDemoUITests" */ = {
			isa = XCConfigurationList;
			buildConfigurations = (
				1C6B09381E9B7A9300AEA68A /* Debug */,
				1C6B09391E9B7A9300AEA68A /* Release */,
			);
			defaultConfigurationIsVisible = 0;
		};
/* End XCConfigurationList section */
	};
	rootObject = 1C6B08FC1E9B7A9300AEA68A /* Project object */;
}
